
Microsoft Visual Studio Solution File, Format Version 12.00
# Visual Studio Version 17
VisualStudioVersion = 17.13.35825.156 d17.13
MinimumVisualStudioVersion = 10.0.40219.1
Project("{FAE04EC0-301F-11D3-BF4B-00C04F79EFBC}") = "Calculator", "Calculator.csproj", "{4499EBEE-97BE-4C58-AF7C-33266C3E3075}"
EndProject
Global
	GlobalSection(SolutionConfigurationPlatforms) = preSolution
		Debug|Any CPU = Debug|Any CPU
		Release|Any CPU = Release|Any CPU
	EndGlobalSection
	GlobalSection(ProjectConfigurationPlatforms) = postSolution
		{4499EBEE-97BE-4C58-AF7C-33266C3E3075}.Debug|Any CPU.ActiveCfg = Debug|Any CPU
		{4499EBEE-97BE-4C58-AF7C-33266C3E3075}.Debug|Any CPU.Build.0 = Debug|Any CPU
		{4499EBEE-97BE-4C58-AF7C-33266C3E3075}.Release|Any CPU.ActiveCfg = Release|Any CPU
		{4499EBEE-97BE-4C58-AF7C-33266C3E3075}.Release|Any CPU.Build.0 = Release|Any CPU
	EndGlobalSection
	GlobalSection(SolutionProperties) = preSolution
		HideSolutionNode = FALSE
	EndGlobalSection
	GlobalSection(ExtensibilityGlobals) = postSolution
		SolutionGuid = {739D795E-8E8F-40F3-A956-EAE75D2D124C}
	EndGlobalSection
EndGlobal
